// !$*UTF8*$!
{
	archiveVersion = 1;
	classes = {
	};
	objectVersion = 50;
	objects = {

/* Begin PBXBuildFile section */
		26D60B4224CCB7DA0005689F /* AppDelegate.swift in Sources */ = {isa = PBXBuildFile; fileRef = 26D60B4124CCB7DA0005689F /* AppDelegate.swift */; };
		26D60B4424CCB7DA0005689F /* SceneDelegate.swift in Sources */ = {isa = PBXBuildFile; fileRef = 26D60B4324CCB7DA0005689F /* SceneDelegate.swift */; };
		26D60B4624CCB7DA0005689F /* ViewController.swift in Sources */ = {isa = PBXBuildFile; fileRef = 26D60B4524CCB7DA0005689F /* ViewController.swift */; };
		26D60B4924CCB7DA0005689F /* Main.storyboard in Resources */ = {isa = PBXBuildFile; fileRef = 26D60B4724CCB7DA0005689F /* Main.storyboard */; };
		26D60B4B24CCB7DB0005689F /* Assets.xcassets in Resources */ = {isa = PBXBuildFile; fileRef = 26D60B4A24CCB7DB0005689F /* Assets.xcassets */; };
		26D60B4E24CCB7DB0005689F /* LaunchScreen.storyboard in Resources */ = {isa = PBXBuildFile; fileRef = 26D60B4C24CCB7DB0005689F /* LaunchScreen.storyboard */; };
/* End PBXBuildFile section */

/* Begin PBXFileReference section */
		26D60B3E24CCB7DA0005689F /* MyTrackLocation.app */ = {isa = PBXFileReference; explicitFileType = wrapper.application; includeInIndex = 0; path = MyTrackLocation.app; sourceTree = BUILT_PRODUCTS_DIR; };
		26D60B4124CCB7DA0005689F /* AppDelegate.swift */ = {isa = PBXFileReference; lastKnownFileType = sourcecode.swift; path = AppDelegate.swift; sourceTree = "<group>"; };
		26D60B4324CCB7DA0005689F /* SceneDelegate.swift */ = {isa = PBXFileReference; lastKnownFileType = sourcecode.swift; path = SceneDelegate.swift; sourceTree = "<group>"; };
		26D60B4524CCB7DA0005689F /* ViewController.swift */ = {isa = PBXFileReference; lastKnownFileType = sourcecode.swift; path = ViewController.swift; sourceTree = "<group>"; };
		26D60B4824CCB7DA0005689F /* Base */ = {isa = PBXFileReference; lastKnownFileType = file.storyboard; name = Base; path = Base.lproj/Main.storyboard; sourceTree = "<group>"; };
		26D60B4A24CCB7DB0005689F /* Assets.xcassets */ = {isa = PBXFileReference; lastKnownFileType = folder.assetcatalog; path = Assets.xcassets; sourceTree = "<group>"; };
		26D60B4D24CCB7DB0005689F /* Base */ = {isa = PBXFileReference; lastKnownFileType = file.storyboard; name = Base; path = Base.lproj/LaunchScreen.storyboard; sourceTree = "<group>"; };
		26D60B4F24CCB7DB0005689F /* Info.plist */ = {isa = PBXFileReference; lastKnownFileType = text.plist.xml; path = Info.plist; sourceTree = "<group>"; };
/* End PBXFileReference section */

/* Begin PBXFrameworksBuildPhase section */
		26D60B3B24CCB7DA0005689F /* Frameworks */ = {
			isa = PBXFrameworksBuildPhase;
			buildActionMask = 2147483647;
			files = (
			);
			runOnlyForDeploymentPostprocessing = 0;
		};
/* End PBXFrameworksBuildPhase section */

/* Begin PBXGroup section */
		26D60B3524CCB7DA0005689F = {
			isa = PBXGroup;
			children = (
				26D60B4024CCB7DA0005689F /* MyTrackLocation */,
				26D60B3F24CCB7DA0005689F /* Products */,
			);
			sourceTree = "<group>";
		};
		26D60B3F24CCB7DA0005689F /* Products */ = {
			isa = PBXGroup;
			children = (
				26D60B3E24CCB7DA0005689F /* MyTrackLocation.app */,
			);
			name = Products;
			sourceTree = "<group>";
		};
		26D60B4024CCB7DA0005689F /* MyTrackLocation */ = {
			isa = PBXGroup;
			children = (
				26D60B4124CCB7DA0005689F /* AppDelegate.swift */,
				26D60B4324CCB7DA0005689F /* SceneDelegate.swift */,
				26D60B4524CCB7DA0005689F /* ViewController.swift */,
				26D60B4724CCB7DA0005689F /* Main.storyboard */,
				26D60B4A24CCB7DB0005689F /* Assets.xcassets */,
				26D60B4C24CCB7DB0005689F /* LaunchScreen.storyboard */,
				26D60B4F24CCB7DB0005689F /* Info.plist */,
			);
			path = MyTrackLocation;
			sourceTree = "<group>";
		};
/* End PBXGroup section */

/* Begin PBXNativeTarget section */
		26D60B3D24CCB7DA0005689F /* MyTrackLocation */ = {
			isa = PBXNativeTarget;
			buildConfigurationList = 26D60B5224CCB7DB0005689F /* Build configuration list for PBXNativeTarget "MyTrackLocation" */;
			buildPhases = (
				26D60B3A24CCB7DA0005689F /* Sources */,
				26D60B3B24CCB7DA0005689F /* Frameworks */,
				26D60B3C24CCB7DA0005689F /* Resources */,
			);
			buildRules = (
			);
			dependencies = (
			);
			name = MyTrackLocation;
			productName = MyTrackLocation;
			productReference = 26D60B3E24CCB7DA0005689F /* MyTrackLocation.app */;
			productType = "com.apple.product-type.application";
		};
/* End PBXNativeTarget section */

/* Begin PBXProject section */
		26D60B3624CCB7DA0005689F /* Project object */ = {
			isa = PBXProject;
			attributes = {
				LastSwiftUpdateCheck = 1160;
				LastUpgradeCheck = 1160;
				ORGANIZATIONNAME = "Dicoding Indonesia";
				TargetAttributes = {
					26D60B3D24CCB7DA0005689F = {
						CreatedOnToolsVersion = 11.6;
					};
				};
			};
			buildConfigurationList = 26D60B3924CCB7DA0005689F /* Build configuration list for PBXProject "MyTrackLocation" */;
			compatibilityVersion = "Xcode 9.3";
			developmentRegion = en;
			hasScannedForEncodings = 0;
			knownRegions = (
				en,
				Base,
			);
			mainGroup = 26D60B3524CCB7DA0005689F;
			productRefGroup = 26D60B3F24CCB7DA0005689F /* Products */;
			projectDirPath = "";
			projectRoot = "";
			targets = (
				26D60B3D24CCB7DA0005689F /* MyTrackLocation */,
			);
		};
/* End PBXProject section */

/* Begin PBXResourcesBuildPhase section */
		26D60B3C24CCB7DA0005689F /* Resources */ = {
			isa = PBXResourcesBuildPhase;
			buildActionMask = 2147483647;
			files = (
				26D60B4E24CCB7DB0005689F /* LaunchScreen.storyboard in Resources */,
				26D60B4B24CCB7DB0005689F /* Assets.xcassets in Resources */,
				26D60B4924CCB7DA0005689F /* Main.storyboard in Resources */,
			);
			runOnlyForDeploymentPostprocessing = 0;
		};
/* End PBXResourcesBuildPhase section */

/* Begin PBXSourcesBuildPhase section */
		26D60B3A24CCB7DA0005689F /* Sources */ = {
			isa = PBXSourcesBuildPhase;
			buildActionMask = 2147483647;
			files = (
				26D60B4624CCB7DA0005689F /* ViewController.swift in Sources */,
				26D60B4224CCB7DA0005689F /* AppDelegate.swift in Sources */,
				26D60B4424CCB7DA0005689F /* SceneDelegate.swift in Sources */,
			);
			runOnlyForDeploymentPostprocessing = 0;
		};
/* End PBXSourcesBuildPhase section */

/* Begin PBXVariantGroup section */
		26D60B4724CCB7DA0005689F /* Main.storyboard */ = {
			isa = PBXVariantGroup;
			children = (
				26D60B4824CCB7DA0005689F /* Base */,
			);
			name = Main.storyboard;
			sourceTree = "<group>";
		};
		26D60B4C24CCB7DB0005689F /* LaunchScreen.storyboard */ = {
			isa = PBXVariantGroup;
			children = (
				26D60B4D24CCB7DB0005689F /* Base */,
			);
			name = LaunchScreen.storyboard;
			sourceTree = "<group>";
		};
/* End PBXVariantGroup section */

/* Begin XCBuildConfiguration section */
		26D60B5024CCB7DB0005689F /* Debug */ = {
			isa = XCBuildConfiguration;
			buildSettings = {
				ALWAYS_SEARCH_USER_PATHS = NO;
				CLANG_ANALYZER_NONNULL = YES;
				CLANG_ANALYZER_NUMBER_OBJECT_CONVERSION = YES_AGGRESSIVE;
				CLANG_CXX_LANGUAGE_STANDARD = "gnu++14";
				CLANG_CXX_LIBRARY = "libc++";
				CLANG_ENABLE_MODULES = YES;
				CLANG_ENABLE_OBJC_ARC = YES;
				CLANG_ENABLE_OBJC_WEAK = YES;
				CLANG_WARN_BLOCK_CAPTURE_AUTORELEASING = YES;
				CLANG_WARN_BOOL_CONVERSION = YES;
				CLANG_WARN_COMMA = YES;
				CLANG_WARN_CONSTANT_CONVERSION = YES;
				CLANG_WARN_DEPRECATED_OBJC_IMPLEMENTATIONS = YES;
				CLANG_WARN_DIRECT_OBJC_ISA_USAGE = YES_ERROR;
				CLANG_WARN_DOCUMENTATION_COMMENTS = YES;
				CLANG_WARN_EMPTY_BODY = YES;
				CLANG_WARN_ENUM_CONVERSION = YES;
				CLANG_WARN_INFINITE_RECURSION = YES;
				CLANG_WARN_INT_CONVERSION = YES;
				CLANG_WARN_NON_LITERAL_NULL_CONVERSION = YES;
				CLANG_WARN_OBJC_IMPLICIT_RETAIN_SELF = YES;
				CLANG_WARN_OBJC_LITERAL_CONVERSION = YES;
				CLANG_WARN_OBJC_ROOT_CLASS = YES_ERROR;
				CLANG_WARN_RANGE_LOOP_ANALYSIS = YES;
				CLANG_WARN_STRICT_PROTOTYPES = YES;
				CLANG_WARN_SUSPICIOUS_MOVE = YES;
				CLANG_WARN_UNGUARDED_AVAILABILITY = YES_AGGRESSIVE;
				CLANG_WARN_UNREACHABLE_CODE = YES;
				CLANG_WARN__DUPLICATE_METHOD_MATCH = YES;
				COPY_PHASE_STRIP = NO;
				DEBUG_INFORMATION_FORMAT = dwarf;
				ENABLE_STRICT_OBJC_MSGSEND = YES;
				ENABLE_TESTABILITY = YES;
				GCC_C_LANGUAGE_STANDARD = gnu11;
				GCC_DYNAMIC_NO_PIC = NO;
				GCC_NO_COMMON_BLOCKS = YES;
				GCC_OPTIMIZATION_LEVEL = 0;
				GCC_PREPROCESSOR_DEFINITIONS = (
					"DEBUG=1",
					"$(inherited)",
				);
				GCC_WARN_64_TO_32_BIT_CONVERSION = YES;
				GCC_WARN_ABOUT_RETURN_TYPE = YES_ERROR;
				GCC_WARN_UNDECLARED_SELECTOR = YES;
				GCC_WARN_UNINITIALIZED_AUTOS = YES_AGGRESSIVE;
				GCC_WARN_UNUSED_FUNCTION = YES;
				GCC_WARN_UNUSED_VARIABLE = YES;
				IPHONEOS_DEPLOYMENT_TARGET = 13.6;
				MTL_ENABLE_DEBUG_INFO = INCLUDE_SOURCE;
				MTL_FAST_MATH = YES;
				ONLY_ACTIVE_ARCH = YES;
				SDKROOT = iphoneos;
				SWIFT_ACTIVE_COMPILATION_CONDITIONS = DEBUG;
				SWIFT_OPTIMIZATION_LEVEL = "-Onone";
			};
			name = Debug;
		};
		26D60B5124CCB7DB0005689F /* Release */ = {
			isa = XCBuildConfiguration;
			buildSettings = {
				ALWAYS_SEARCH_USER_PATHS = NO;
				CLANG_ANALYZER_NONNULL = YES;
				CLANG_ANALYZER_NUMBER_OBJECT_CONVERSION = YES_AGGRESSIVE;
				CLANG_CXX_LANGUAGE_STANDARD = "gnu++14";
				CLANG_CXX_LIBRARY = "libc++";
				CLANG_ENABLE_MODULES = YES;
				CLANG_ENABLE_OBJC_ARC = YES;
				CLANG_ENABLE_OBJC_WEAK = YES;
				CLANG_WARN_BLOCK_CAPTURE_AUTORELEASING = YES;
				CLANG_WARN_BOOL_CONVERSION = YES;
				CLANG_WARN_COMMA = YES;
				CLANG_WARN_CONSTANT_CONVERSION = YES;
				CLANG_WARN_DEPRECATED_OBJC_IMPLEMENTATIONS = YES;
				CLANG_WARN_DIRECT_OBJC_ISA_USAGE = YES_ERROR;
				CLANG_WARN_DOCUMENTATION_COMMENTS = YES;
				CLANG_WARN_EMPTY_BODY = YES;
				CLANG_WARN_ENUM_CONVERSION = YES;
				CLANG_WARN_INFINITE_RECURSION = YES;
				CLANG_WARN_INT_CONVERSION = YES;
				CLANG_WARN_NON_LITERAL_NULL_CONVERSION = YES;
				CLANG_WARN_OBJC_IMPLICIT_RETAIN_SELF = YES;
				CLANG_WARN_OBJC_LITERAL_CONVERSION = YES;
				CLANG_WARN_OBJC_ROOT_CLASS = YES_ERROR;
				CLANG_WARN_RANGE_LOOP_ANALYSIS = YES;
				CLANG_WARN_STRICT_PROTOTYPES = YES;
				CLANG_WARN_SUSPICIOUS_MOVE = YES;
				CLANG_WARN_UNGUARDED_AVAILABILITY = YES_AGGRESSIVE;
				CLANG_WARN_UNREACHABLE_CODE = YES;
				CLANG_WARN__DUPLICATE_METHOD_MATCH = YES;
				COPY_PHASE_STRIP = NO;
				DEBUG_INFORMATION_FORMAT = "dwarf-with-dsym";
				ENABLE_NS_ASSERTIONS = NO;
				ENABLE_STRICT_OBJC_MSGSEND = YES;
				GCC_C_LANGUAGE_STANDARD = gnu11;
				GCC_NO_COMMON_BLOCKS = YES;
				GCC_WARN_64_TO_32_BIT_CONVERSION = YES;
				GCC_WARN_ABOUT_RETURN_TYPE = YES_ERROR;
				GCC_WARN_UNDECLARED_SELECTOR = YES;
				GCC_WARN_UNINITIALIZED_AUTOS = YES_AGGRESSIVE;
				GCC_WARN_UNUSED_FUNCTION = YES;
				GCC_WARN_UNUSED_VARIABLE = YES;
				IPHONEOS_DEPLOYMENT_TARGET = 13.6;
				MTL_ENABLE_DEBUG_INFO = NO;
				MTL_FAST_MATH = YES;
				SDKROOT = iphoneos;
				SWIFT_COMPILATION_MODE = wholemodule;
				SWIFT_OPTIMIZATION_LEVEL = "-O";
				VALIDATE_PRODUCT = YES;
			};
			name = Release;
		};
		26D60B5324CCB7DB0005689F /* Debug */ = {
			isa = XCBuildConfiguration;
			buildSettings = {
				ASSETCATALOG_COMPILER_APPICON_NAME = AppIcon;
				CODE_SIGN_STYLE = Automatic;
				DEVELOPMENT_TEAM = NP6D677X4J;
				INFOPLIST_FILE = MyTrackLocation/Info.plist;
				LD_RUNPATH_SEARCH_PATHS = (
					"$(inherited)",
					"@executable_path/Frameworks",
				);
				PRODUCT_BUNDLE_IDENTIFIER = com.dicoding.academy.MyTrackLocation;
				PRODUCT_NAME = "$(TARGET_NAME)";
				SWIFT_VERSION = 5.0;
				TARGETED_DEVICE_FAMILY = "1,2";
			};
			name = Debug;
		};
		26D60B5424CCB7DB0005689F /* Release */ = {
			isa = XCBuildConfiguration;
			buildSettings = {
				ASSETCATALOG_COMPILER_APPICON_NAME = AppIcon;
				CODE_SIGN_STYLE = Automatic;
				DEVELOPMENT_TEAM = NP6D677X4J;
				INFOPLIST_FILE = MyTrackLocation/Info.plist;
				LD_RUNPATH_SEARCH_PATHS = (
					"$(inherited)",
					"@executable_path/Frameworks",
				);
				PRODUCT_BUNDLE_IDENTIFIER = com.dicoding.academy.MyTrackLocation;
				PRODUCT_NAME = "$(TARGET_NAME)";
				SWIFT_VERSION = 5.0;
				TARGETED_DEVICE_FAMILY = "1,2";
			};
			name = Release;
		};
/* End XCBuildConfiguration section */

/* Begin XCConfigurationList section */
		26D60B3924CCB7DA0005689F /* Build configuration list for PBXProject "MyTrackLocation" */ = {
			isa = XCConfigurationList;
			buildConfigurations = (
				26D60B5024CCB7DB0005689F /* Debug */,
				26D60B5124CCB7DB0005689F /* Release */,
			);
			defaultConfigurationIsVisible = 0;
			defaultConfigurationName = Release;
		};
		26D60B5224CCB7DB0005689F /* Build configuration list for PBXNativeTarget "MyTrackLocation" */ = {
			isa = XCConfigurationList;
			buildConfigurations = (
				26D60B5324CCB7DB0005689F /* Debug */,
				26D60B5424CCB7DB0005689F /* Release */,
			);
			defaultConfigurationIsVisible = 0;
			defaultConfigurationName = Release;
		};
/* End XCConfigurationList section */
	};
	rootObject = 26D60B3624CCB7DA0005689F /* Project object */;
}
